
Microsoft Visual Studio Solution File, Format Version 12.00
# Visual Studio Version 16
VisualStudioVersion = 16.0.30717.126
MinimumVisualStudioVersion = 10.0.40219.1
Project("{FAE04EC0-301F-11D3-BF4B-00C04F79EFBC}") = "FarmApp", "FarmApp\FarmApp\FarmApp.csproj", "{BB951B94-797D-4568-A7BF-73A26D18AF6F}"
EndProject
Project("{FAE04EC0-301F-11D3-BF4B-00C04F79EFBC}") = "FarmApp.Android", "FarmApp\FarmApp.Android\FarmApp.Android.csproj", "{3B3C70C7-CFBB-4CC5-A076-C01BF0760718}"
EndProject
Project("{FAE04EC0-301F-11D3-BF4B-00C04F79EFBC}") = "FarmApp.iOS", "FarmApp\FarmApp.iOS\FarmApp.iOS.csproj", "{6A55FAD4-E78C-4842-B6A0-D7E2A9389385}"
EndProject
Global
	GlobalSection(SolutionConfigurationPlatforms) = preSolution
		Ad-Hoc|Any CPU = Ad-Hoc|Any CPU
		Ad-Hoc|iPhone = Ad-Hoc|iPhone
		Ad-Hoc|iPhoneSimulator = Ad-Hoc|iPhoneSimulator
		AppStore|Any CPU = AppStore|Any CPU
		AppStore|iPhone = AppStore|iPhone
		AppStore|iPhoneSimulator = AppStore|iPhoneSimulator
		Debug|Any CPU = Debug|Any CPU
		Debug|iPhone = Debug|iPhone
		Debug|iPhoneSimulator = Debug|iPhoneSimulator
		Release|Any CPU = Release|Any CPU
		Release|iPhone = Release|iPhone
		Release|iPhoneSimulator = Release|iPhoneSimulator
	EndGlobalSection
	GlobalSection(ProjectConfigurationPlatforms) = postSolution
		{BB951B94-797D-4568-A7BF-73A26D18AF6F}.Ad-Hoc|Any CPU.ActiveCfg = Debug|Any CPU
		{BB951B94-797D-4568-A7BF-73A26D18AF6F}.Ad-Hoc|Any CPU.Build.0 = Debug|Any CPU
		{BB951B94-797D-4568-A7BF-73A26D18AF6F}.Ad-Hoc|iPhone.ActiveCfg = Debug|Any CPU
		{BB951B94-797D-4568-A7BF-73A26D18AF6F}.Ad-Hoc|iPhone.Build.0 = Debug|Any CPU
		{BB951B94-797D-4568-A7BF-73A26D18AF6F}.Ad-Hoc|iPhoneSimulator.ActiveCfg = Debug|Any CPU
		{BB951B94-797D-4568-A7BF-73A26D18AF6F}.Ad-Hoc|iPhoneSimulator.Build.0 = Debug|Any CPU
		{BB951B94-797D-4568-A7BF-73A26D18AF6F}.AppStore|Any CPU.ActiveCfg = Debug|Any CPU
		{BB951B94-797D-4568-A7BF-73A26D18AF6F}.AppStore|Any CPU.Build.0 = Debug|Any CPU
		{BB951B94-797D-4568-A7BF-73A26D18AF6F}.AppStore|iPhone.ActiveCfg = Debug|Any CPU
		{BB951B94-797D-4568-A7BF-73A26D18AF6F}.AppStore|iPhone.Build.0 = Debug|Any CPU
		{BB951B94-797D-4568-A7BF-73A26D18AF6F}.AppStore|iPhoneSimulator.ActiveCfg = Debug|Any CPU
		{BB951B94-797D-4568-A7BF-73A26D18AF6F}.AppStore|iPhoneSimulator.Build.0 = Debug|Any CPU
		{BB951B94-797D-4568-A7BF-73A26D18AF6F}.Debug|Any CPU.ActiveCfg = Debug|Any CPU
		{BB951B94-797D-4568-A7BF-73A26D18AF6F}.Debug|Any CPU.Build.0 = Debug|Any CPU
		{BB951B94-797D-4568-A7BF-73A26D18AF6F}.Debug|iPhone.ActiveCfg = Debug|Any CPU
		{BB951B94-797D-4568-A7BF-73A26D18AF6F}.Debug|iPhone.Build.0 = Debug|Any CPU
		{BB951B94-797D-4568-A7BF-73A26D18AF6F}.Debug|iPhoneSimulator.ActiveCfg = Debug|Any CPU
		{BB951B94-797D-4568-A7BF-73A26D18AF6F}.Debug|iPhoneSimulator.Build.0 = Debug|Any CPU
		{BB951B94-797D-4568-A7BF-73A26D18AF6F}.Release|Any CPU.ActiveCfg = Release|Any CPU
		{BB951B94-797D-4568-A7BF-73A26D18AF6F}.Release|Any CPU.Build.0 = Release|Any CPU
		{BB951B94-797D-4568-A7BF-73A26D18AF6F}.Release|iPhone.ActiveCfg = Release|Any CPU
		{BB951B94-797D-4568-A7BF-73A26D18AF6F}.Release|iPhone.Build.0 = Release|Any CPU
		{BB951B94-797D-4568-A7BF-73A26D18AF6F}.Release|iPhoneSimulator.ActiveCfg = Release|Any CPU
		{BB951B94-797D-4568-A7BF-73A26D18AF6F}.Release|iPhoneSimulator.Build.0 = Release|Any CPU
		{3B3C70C7-CFBB-4CC5-A076-C01BF0760718}.Ad-Hoc|Any CPU.ActiveCfg = Debug|Any CPU
		{3B3C70C7-CFBB-4CC5-A076-C01BF0760718}.Ad-Hoc|Any CPU.Build.0 = Debug|Any CPU
		{3B3C70C7-CFBB-4CC5-A076-C01BF0760718}.Ad-Hoc|Any CPU.Deploy.0 = Debug|Any CPU
		{3B3C70C7-CFBB-4CC5-A076-C01BF0760718}.Ad-Hoc|iPhone.ActiveCfg = Debug|Any CPU
		{3B3C70C7-CFBB-4CC5-A076-C01BF0760718}.Ad-Hoc|iPhone.Build.0 = Debug|Any CPU
		{3B3C70C7-CFBB-4CC5-A076-C01BF0760718}.Ad-Hoc|iPhone.Deploy.0 = Debug|Any CPU
		{3B3C70C7-CFBB-4CC5-A076-C01BF0760718}.Ad-Hoc|iPhoneSimulator.ActiveCfg = Debug|Any CPU
		{3B3C70C7-CFBB-4CC5-A076-C01BF0760718}.Ad-Hoc|iPhoneSimulator.Build.0 = Debug|Any CPU
		{3B3C70C7-CFBB-4CC5-A076-C01BF0760718}.Ad-Hoc|iPhoneSimulator.Deploy.0 = Debug|Any CPU
		{3B3C70C7-CFBB-4CC5-A076-C01BF0760718}.AppStore|Any CPU.ActiveCfg = Debug|Any CPU
		{3B3C70C7-CFBB-4CC5-A076-C01BF0760718}.AppStore|Any CPU.Build.0 = Debug|Any CPU
		{3B3C70C7-CFBB-4CC5-A076-C01BF0760718}.AppStore|Any CPU.Deploy.0 = Debug|Any CPU
		{3B3C70C7-CFBB-4CC5-A076-C01BF0760718}.AppStore|iPhone.ActiveCfg = Debug|Any CPU
		{3B3C70C7-CFBB-4CC5-A076-C01BF0760718}.AppStore|iPhone.Build.0 = Debug|Any CPU
		{3B3C70C7-CFBB-4CC5-A076-C01BF0760718}.AppStore|iPhone.Deploy.0 = Debug|Any CPU
		{3B3C70C7-CFBB-4CC5-A076-C01BF0760718}.AppStore|iPhoneSimulator.ActiveCfg = Debug|Any CPU
		{3B3C70C7-CFBB-4CC5-A076-C01BF0760718}.AppStore|iPhoneSimulator.Build.0 = Debug|Any CPU
		{3B3C70C7-CFBB-4CC5-A076-C01BF0760718}.AppStore|iPhoneSimulator.Deploy.0 = Debug|Any CPU
		{3B3C70C7-CFBB-4CC5-A076-C01BF0760718}.Debug|Any CPU.ActiveCfg = Debug|Any CPU
		{3B3C70C7-CFBB-4CC5-A076-C01BF0760718}.Debug|Any CPU.Build.0 = Debug|Any CPU
		{3B3C70C7-CFBB-4CC5-A076-C01BF0760718}.Debug|Any CPU.Deploy.0 = Debug|Any CPU
		{3B3C70C7-CFBB-4CC5-A076-C01BF0760718}.Debug|iPhone.ActiveCfg = Debug|Any CPU
		{3B3C70C7-CFBB-4CC5-A076-C01BF0760718}.Debug|iPhone.Build.0 = Debug|Any CPU
		{3B3C70C7-CFBB-4CC5-A076-C01BF0760718}.Debug|iPhone.Deploy.0 = Debug|Any CPU
		{3B3C70C7-CFBB-4CC5-A076-C01BF0760718}.Debug|iPhoneSimulator.ActiveCfg = Debug|Any CPU
		{3B3C70C7-CFBB-4CC5-A076-C01BF0760718}.Debug|iPhoneSimulator.Build.0 = Debug|Any CPU
		{3B3C70C7-CFBB-4CC5-A076-C01BF0760718}.Debug|iPhoneSimulator.Deploy.0 = Debug|Any CPU
		{3B3C70C7-CFBB-4CC5-A076-C01BF0760718}.Release|Any CPU.ActiveCfg = Release|Any CPU
		{3B3C70C7-CFBB-4CC5-A076-C01BF0760718}.Release|Any CPU.Build.0 = Release|Any CPU
		{3B3C70C7-CFBB-4CC5-A076-C01BF0760718}.Release|Any CPU.Deploy.0 = Release|Any CPU
		{3B3C70C7-CFBB-4CC5-A076-C01BF0760718}.Release|iPhone.ActiveCfg = Release|Any CPU
		{3B3C70C7-CFBB-4CC5-A076-C01BF0760718}.Release|iPhone.Build.0 = Release|Any CPU
		{3B3C70C7-CFBB-4CC5-A076-C01BF0760718}.Release|iPhone.Deploy.0 = Release|Any CPU
		{3B3C70C7-CFBB-4CC5-A076-C01BF0760718}.Release|iPhoneSimulator.ActiveCfg = Release|Any CPU
		{3B3C70C7-CFBB-4CC5-A076-C01BF0760718}.Release|iPhoneSimulator.Build.0 = Release|Any CPU
		{3B3C70C7-CFBB-4CC5-A076-C01BF0760718}.Release|iPhoneSimulator.Deploy.0 = Release|Any CPU
		{6A55FAD4-E78C-4842-B6A0-D7E2A9389385}.Ad-Hoc|Any CPU.ActiveCfg = Ad-Hoc|iPhoneSimulator
		{6A55FAD4-E78C-4842-B6A0-D7E2A9389385}.Ad-Hoc|iPhone.ActiveCfg = Ad-Hoc|iPhone
		{6A55FAD4-E78C-4842-B6A0-D7E2A9389385}.Ad-Hoc|iPhone.Build.0 = Ad-Hoc|iPhone
		{6A55FAD4-E78C-4842-B6A0-D7E2A9389385}.Ad-Hoc|iPhoneSimulator.ActiveCfg = Ad-Hoc|iPhoneSimulator
		{6A55FAD4-E78C-4842-B6A0-D7E2A9389385}.Ad-Hoc|iPhoneSimulator.Build.0 = Ad-Hoc|iPhoneSimulator
		{6A55FAD4-E78C-4842-B6A0-D7E2A9389385}.AppStore|Any CPU.ActiveCfg = AppStore|iPhoneSimulator
		{6A55FAD4-E78C-4842-B6A0-D7E2A9389385}.AppStore|iPhone.ActiveCfg = AppStore|iPhone
		{6A55FAD4-E78C-4842-B6A0-D7E2A9389385}.AppStore|iPhone.Build.0 = AppStore|iPhone
		{6A55FAD4-E78C-4842-B6A0-D7E2A9389385}.AppStore|iPhoneSimulator.ActiveCfg = AppStore|iPhoneSimulator
		{6A55FAD4-E78C-4842-B6A0-D7E2A9389385}.AppStore|iPhoneSimulator.Build.0 = AppStore|iPhoneSimulator
		{6A55FAD4-E78C-4842-B6A0-D7E2A9389385}.Debug|Any CPU.ActiveCfg = Debug|iPhoneSimulator
		{6A55FAD4-E78C-4842-B6A0-D7E2A9389385}.Debug|iPhone.ActiveCfg = Debug|iPhone
		{6A55FAD4-E78C-4842-B6A0-D7E2A9389385}.Debug|iPhone.Build.0 = Debug|iPhone
		{6A55FAD4-E78C-4842-B6A0-D7E2A9389385}.Debug|iPhoneSimulator.ActiveCfg = Debug|iPhoneSimulator
		{6A55FAD4-E78C-4842-B6A0-D7E2A9389385}.Debug|iPhoneSimulator.Build.0 = Debug|iPhoneSimulator
		{6A55FAD4-E78C-4842-B6A0-D7E2A9389385}.Release|Any CPU.ActiveCfg = Release|iPhoneSimulator
		{6A55FAD4-E78C-4842-B6A0-D7E2A9389385}.Release|iPhone.ActiveCfg = Release|iPhone
		{6A55FAD4-E78C-4842-B6A0-D7E2A9389385}.Release|iPhone.Build.0 = Release|iPhone
		{6A55FAD4-E78C-4842-B6A0-D7E2A9389385}.Release|iPhoneSimulator.ActiveCfg = Release|iPhoneSimulator
		{6A55FAD4-E78C-4842-B6A0-D7E2A9389385}.Release|iPhoneSimulator.Build.0 = Release|iPhoneSimulator
	EndGlobalSection
	GlobalSection(SolutionProperties) = preSolution
		HideSolutionNode = FALSE
	EndGlobalSection
	GlobalSection(ExtensibilityGlobals) = postSolution
		SolutionGuid = {3683DBA0-FFB0-4250-9ED5-ADD9E8BAE2F9}
	EndGlobalSection
EndGlobal
